PODS:
  - Alamofire (4.8.1)
  - SDWebImage (4.4.5):
    - SDWebImage/Core (= 4.4.5)
  - SDWebImage/Core (4.4.5)
  - SwiftyJSON (4.2.0)

DEPENDENCIES:
  - Alamofire
  - SDWebImage
  - SwiftyJSON

SPEC REPOS:
  https://github.com/cocoapods/specs.git:
    - Alamofire
    - SDWebImage
    - SwiftyJSON

SPEC CHECKSUMS:
  Alamofire: 16ce2c353fb72865124ddae8a57c5942388f4f11
  SDWebImage: ecc03494e973b93b80213649d32175f8d2d17d4d
  SwiftyJSON: c4bcba26dd9ec7a027fc8eade48e2c911f229e96

PODFILE CHECKSUM: 6d2bba55a64a6d1de0508f4eeb165d8121246cdc

COCOAPODS: 1.5.3
